
Microsoft Visual Studio Solution File, Format Version 12.00
# Visual Studio Version 16
VisualStudioVersion = 16.0.30413.136
MinimumVisualStudioVersion = 10.0.40219.1
Project("{FAE04EC0-301F-11D3-BF4B-00C04F79EFBC}") = "MyBubbleSort", "MyBubbleSort.csproj", "{703470A4-6AD3-4EC9-AAB5-E85DE8A51102}"
EndProject
Global
	GlobalSection(SolutionConfigurationPlatforms) = preSolution
		Debug|Any CPU = Debug|Any CPU
		Release|Any CPU = Release|Any CPU
	EndGlobalSection
	GlobalSection(ProjectConfigurationPlatforms) = postSolution
		{703470A4-6AD3-4EC9-AAB5-E85DE8A51102}.Debug|Any CPU.ActiveCfg = Debug|Any CPU
		{703470A4-6AD3-4EC9-AAB5-E85DE8A51102}.Debug|Any CPU.Build.0 = Debug|Any CPU
		{703470A4-6AD3-4EC9-AAB5-E85DE8A51102}.Release|Any CPU.ActiveCfg = Release|Any CPU
		{703470A4-6AD3-4EC9-AAB5-E85DE8A51102}.Release|Any CPU.Build.0 = Release|Any CPU
	EndGlobalSection
	GlobalSection(SolutionProperties) = preSolution
		HideSolutionNode = FALSE
	EndGlobalSection
	GlobalSection(ExtensibilityGlobals) = postSolution
		SolutionGuid = {D58F9D0F-3443-463B-AB0B-17981F53E2B9}
	EndGlobalSection
EndGlobal
